
Microsoft Visual Studio Solution File, Format Version 12.00
# Visual Studio Version 16
VisualStudioVersion = 16.0.31424.327
MinimumVisualStudioVersion = 10.0.40219.1
Project("{2150E333-8FDC-42A3-9474-1A3956D46DE8}") = "src", "src", "{F25E8AE7-5649-42C8-8793-2FE0C5A9D44E}"
EndProject
Project("{2150E333-8FDC-42A3-9474-1A3956D46DE8}") = "Building Blocks", "Building Blocks", "{E6F4E944-180E-4B36-BD35-B43C1541A8AE}"
EndProject
Project("{2150E333-8FDC-42A3-9474-1A3956D46DE8}") = "Services", "Services", "{A5B7E79E-B725-47D4-8303-49937A05202F}"
EndProject
Project("{2150E333-8FDC-42A3-9474-1A3956D46DE8}") = "Web", "Web", "{F1A26038-CC25-4235-97BE-C59F4B5EFB86}"
EndProject
Project("{2150E333-8FDC-42A3-9474-1A3956D46DE8}") = "Identidade", "Identidade", "{A9BB1B1B-8A89-4FEC-96A9-5E4CB76B97F8}"
EndProject
Project("{9A19103F-16F7-4668-BE54-9A1E7A4F7556}") = "NSE.Identidade.API", "src\services\NSE.Identidade.API\NSE.Identidade.API.csproj", "{45571E03-F424-4725-B26B-E62628D3A198}"
EndProject
Project("{2150E333-8FDC-42A3-9474-1A3956D46DE8}") = "MVC", "MVC", "{56EEAB98-526D-4D35-B75E-618BEEFF66EB}"
EndProject
Project("{9A19103F-16F7-4668-BE54-9A1E7A4F7556}") = "NSE.WebApp.MVC", "src\web\NSE.WebApp.MVC\NSE.WebApp.MVC.csproj", "{61A1C89B-E6C7-462D-BAFC-64E18152F03B}"
EndProject
Project("{2150E333-8FDC-42A3-9474-1A3956D46DE8}") = "Core", "Core", "{4C302B09-9A1F-40B6-AB60-3B0A29001712}"
EndProject
Project("{9A19103F-16F7-4668-BE54-9A1E7A4F7556}") = "NSE.Core", "src\building blocks\NSE.Core\NSE.Core.csproj", "{A1DA97C2-AEA9-4ABA-A5A8-3F555863F2CF}"
EndProject
Project("{2150E333-8FDC-42A3-9474-1A3956D46DE8}") = "Carrinho", "Carrinho", "{F6898785-8728-4A51-8E3F-F415231CCBBE}"
EndProject
Project("{9A19103F-16F7-4668-BE54-9A1E7A4F7556}") = "NSE.Carrinho.API", "src\services\NSE.Carrinho.API\NSE.Carrinho.API.csproj", "{694873B9-8CAC-4670-B20C-31DAE2FB5816}"
EndProject
Project("{2150E333-8FDC-42A3-9474-1A3956D46DE8}") = "Catalogo", "Catalogo", "{F9714AA4-0579-4B4E-94BD-7C79A50AC21B}"
EndProject
Project("{9A19103F-16F7-4668-BE54-9A1E7A4F7556}") = "NSE.Catalogo.API", "src\services\NSE.Catalogo.API\NSE.Catalogo.API.csproj", "{75578C95-EC77-44A0-BDD1-CBF2752685C9}"
EndProject
Project("{2150E333-8FDC-42A3-9474-1A3956D46DE8}") = "Cliente", "Cliente", "{455634BD-022E-443D-BBC3-0744CBB5067F}"
EndProject
Project("{2150E333-8FDC-42A3-9474-1A3956D46DE8}") = "Pagamento", "Pagamento", "{86725E3D-95FB-4C73-A290-0DDE77EF2217}"
EndProject
Project("{2150E333-8FDC-42A3-9474-1A3956D46DE8}") = "Pedido", "Pedido", "{71196238-39D4-47ED-A684-46AD609DF18D}"
EndProject
Project("{2150E333-8FDC-42A3-9474-1A3956D46DE8}") = "Services", "Services", "{9396AAB4-72C6-492B-8172-B6064C340563}"
EndProject
Project("{9A19103F-16F7-4668-BE54-9A1E7A4F7556}") = "NSE.WebAPI.Core", "src\building blocks\NSE.WebAPI.Core\NSE.WebAPI.Core.csproj", "{252C0612-D7BF-404B-85DE-103326F5A954}"
EndProject
Project("{2150E333-8FDC-42A3-9474-1A3956D46DE8}") = "MessageBus", "MessageBus", "{F1142E6C-353D-4DBD-9793-96B7D03510FE}"
EndProject
Project("{9A19103F-16F7-4668-BE54-9A1E7A4F7556}") = "NSE.MessageBus", "src\building blocks\NSE.MessageBus\NSE.MessageBus.csproj", "{D716B65A-81F6-4D33-86B8-D116DF28C861}"
EndProject
Project("{9A19103F-16F7-4668-BE54-9A1E7A4F7556}") = "NSE.Clientes.API", "src\services\NSE.Clientes.API\NSE.Clientes.API.csproj", "{A40B07FC-DDA1-4422-AA7D-6BD25751CC73}"
EndProject
Project("{9A19103F-16F7-4668-BE54-9A1E7A4F7556}") = "NSE.Pagamentos.API", "src\services\NSE.Pagamentos.API\NSE.Pagamentos.API.csproj", "{036B8715-B570-4A36-A4E3-689C723712CC}"
EndProject
Project("{9A19103F-16F7-4668-BE54-9A1E7A4F7556}") = "NSE.Pedidos.API", "src\services\NSE.Pedidos.API\NSE.Pedidos.API.csproj", "{BEC69DF1-C1D8-43A1-8EFC-758DDB12CFAC}"
EndProject
Project("{2150E333-8FDC-42A3-9474-1A3956D46DE8}") = "ApiGateways", "ApiGateways", "{D5E3BC96-2265-4DC8-BEDD-995D2C92ACC8}"
EndProject
Project("{2150E333-8FDC-42A3-9474-1A3956D46DE8}") = "Compras", "Compras", "{B264309E-4F54-49ED-80B7-337B5B890AE4}"
EndProject
Project("{FAE04EC0-301F-11D3-BF4B-00C04F79EFBC}") = "NSE.Bff.Compras", "src\api gateways\NSE.Bff.Compras\NSE.Bff.Compras.csproj", "{316112BF-C8EE-454A-9BB4-F88E2453322F}"
EndProject
Global
	GlobalSection(SolutionConfigurationPlatforms) = preSolution
		Debug|Any CPU = Debug|Any CPU
		Release|Any CPU = Release|Any CPU
	EndGlobalSection
	GlobalSection(ProjectConfigurationPlatforms) = postSolution
		{45571E03-F424-4725-B26B-E62628D3A198}.Debug|Any CPU.ActiveCfg = Debug|Any CPU
		{45571E03-F424-4725-B26B-E62628D3A198}.Debug|Any CPU.Build.0 = Debug|Any CPU
		{45571E03-F424-4725-B26B-E62628D3A198}.Release|Any CPU.ActiveCfg = Release|Any CPU
		{45571E03-F424-4725-B26B-E62628D3A198}.Release|Any CPU.Build.0 = Release|Any CPU
		{61A1C89B-E6C7-462D-BAFC-64E18152F03B}.Debug|Any CPU.ActiveCfg = Debug|Any CPU
		{61A1C89B-E6C7-462D-BAFC-64E18152F03B}.Debug|Any CPU.Build.0 = Debug|Any CPU
		{61A1C89B-E6C7-462D-BAFC-64E18152F03B}.Release|Any CPU.ActiveCfg = Release|Any CPU
		{61A1C89B-E6C7-462D-BAFC-64E18152F03B}.Release|Any CPU.Build.0 = Release|Any CPU
		{A1DA97C2-AEA9-4ABA-A5A8-3F555863F2CF}.Debug|Any CPU.ActiveCfg = Debug|Any CPU
		{A1DA97C2-AEA9-4ABA-A5A8-3F555863F2CF}.Debug|Any CPU.Build.0 = Debug|Any CPU
		{A1DA97C2-AEA9-4ABA-A5A8-3F555863F2CF}.Release|Any CPU.ActiveCfg = Release|Any CPU
		{A1DA97C2-AEA9-4ABA-A5A8-3F555863F2CF}.Release|Any CPU.Build.0 = Release|Any CPU
		{694873B9-8CAC-4670-B20C-31DAE2FB5816}.Debug|Any CPU.ActiveCfg = Debug|Any CPU
		{694873B9-8CAC-4670-B20C-31DAE2FB5816}.Debug|Any CPU.Build.0 = Debug|Any CPU
		{694873B9-8CAC-4670-B20C-31DAE2FB5816}.Release|Any CPU.ActiveCfg = Release|Any CPU
		{694873B9-8CAC-4670-B20C-31DAE2FB5816}.Release|Any CPU.Build.0 = Release|Any CPU
		{75578C95-EC77-44A0-BDD1-CBF2752685C9}.Debug|Any CPU.ActiveCfg = Debug|Any CPU
		{75578C95-EC77-44A0-BDD1-CBF2752685C9}.Debug|Any CPU.Build.0 = Debug|Any CPU
		{75578C95-EC77-44A0-BDD1-CBF2752685C9}.Release|Any CPU.ActiveCfg = Release|Any CPU
		{75578C95-EC77-44A0-BDD1-CBF2752685C9}.Release|Any CPU.Build.0 = Release|Any CPU
		{252C0612-D7BF-404B-85DE-103326F5A954}.Debug|Any CPU.ActiveCfg = Debug|Any CPU
		{252C0612-D7BF-404B-85DE-103326F5A954}.Debug|Any CPU.Build.0 = Debug|Any CPU
		{252C0612-D7BF-404B-85DE-103326F5A954}.Release|Any CPU.ActiveCfg = Release|Any CPU
		{252C0612-D7BF-404B-85DE-103326F5A954}.Release|Any CPU.Build.0 = Release|Any CPU
		{D716B65A-81F6-4D33-86B8-D116DF28C861}.Debug|Any CPU.ActiveCfg = Debug|Any CPU
		{D716B65A-81F6-4D33-86B8-D116DF28C861}.Debug|Any CPU.Build.0 = Debug|Any CPU
		{D716B65A-81F6-4D33-86B8-D116DF28C861}.Release|Any CPU.ActiveCfg = Release|Any CPU
		{D716B65A-81F6-4D33-86B8-D116DF28C861}.Release|Any CPU.Build.0 = Release|Any CPU
		{A40B07FC-DDA1-4422-AA7D-6BD25751CC73}.Debug|Any CPU.ActiveCfg = Debug|Any CPU
		{A40B07FC-DDA1-4422-AA7D-6BD25751CC73}.Debug|Any CPU.Build.0 = Debug|Any CPU
		{A40B07FC-DDA1-4422-AA7D-6BD25751CC73}.Release|Any CPU.ActiveCfg = Release|Any CPU
		{A40B07FC-DDA1-4422-AA7D-6BD25751CC73}.Release|Any CPU.Build.0 = Release|Any CPU
		{036B8715-B570-4A36-A4E3-689C723712CC}.Debug|Any CPU.ActiveCfg = Debug|Any CPU
		{036B8715-B570-4A36-A4E3-689C723712CC}.Debug|Any CPU.Build.0 = Debug|Any CPU
		{036B8715-B570-4A36-A4E3-689C723712CC}.Release|Any CPU.ActiveCfg = Release|Any CPU
		{036B8715-B570-4A36-A4E3-689C723712CC}.Release|Any CPU.Build.0 = Release|Any CPU
		{BEC69DF1-C1D8-43A1-8EFC-758DDB12CFAC}.Debug|Any CPU.ActiveCfg = Debug|Any CPU
		{BEC69DF1-C1D8-43A1-8EFC-758DDB12CFAC}.Debug|Any CPU.Build.0 = Debug|Any CPU
		{BEC69DF1-C1D8-43A1-8EFC-758DDB12CFAC}.Release|Any CPU.ActiveCfg = Release|Any CPU
		{BEC69DF1-C1D8-43A1-8EFC-758DDB12CFAC}.Release|Any CPU.Build.0 = Release|Any CPU
		{316112BF-C8EE-454A-9BB4-F88E2453322F}.Debug|Any CPU.ActiveCfg = Debug|Any CPU
		{316112BF-C8EE-454A-9BB4-F88E2453322F}.Debug|Any CPU.Build.0 = Debug|Any CPU
		{316112BF-C8EE-454A-9BB4-F88E2453322F}.Release|Any CPU.ActiveCfg = Release|Any CPU
		{316112BF-C8EE-454A-9BB4-F88E2453322F}.Release|Any CPU.Build.0 = Release|Any CPU
	EndGlobalSection
	GlobalSection(SolutionProperties) = preSolution
		HideSolutionNode = FALSE
	EndGlobalSection
	GlobalSection(NestedProjects) = preSolution
		{E6F4E944-180E-4B36-BD35-B43C1541A8AE} = {F25E8AE7-5649-42C8-8793-2FE0C5A9D44E}
		{A5B7E79E-B725-47D4-8303-49937A05202F} = {F25E8AE7-5649-42C8-8793-2FE0C5A9D44E}
		{F1A26038-CC25-4235-97BE-C59F4B5EFB86} = {F25E8AE7-5649-42C8-8793-2FE0C5A9D44E}
		{A9BB1B1B-8A89-4FEC-96A9-5E4CB76B97F8} = {A5B7E79E-B725-47D4-8303-49937A05202F}
		{45571E03-F424-4725-B26B-E62628D3A198} = {A9BB1B1B-8A89-4FEC-96A9-5E4CB76B97F8}
		{56EEAB98-526D-4D35-B75E-618BEEFF66EB} = {F1A26038-CC25-4235-97BE-C59F4B5EFB86}
		{61A1C89B-E6C7-462D-BAFC-64E18152F03B} = {56EEAB98-526D-4D35-B75E-618BEEFF66EB}
		{4C302B09-9A1F-40B6-AB60-3B0A29001712} = {E6F4E944-180E-4B36-BD35-B43C1541A8AE}
		{A1DA97C2-AEA9-4ABA-A5A8-3F555863F2CF} = {4C302B09-9A1F-40B6-AB60-3B0A29001712}
		{F6898785-8728-4A51-8E3F-F415231CCBBE} = {A5B7E79E-B725-47D4-8303-49937A05202F}
		{694873B9-8CAC-4670-B20C-31DAE2FB5816} = {F6898785-8728-4A51-8E3F-F415231CCBBE}
		{F9714AA4-0579-4B4E-94BD-7C79A50AC21B} = {A5B7E79E-B725-47D4-8303-49937A05202F}
		{75578C95-EC77-44A0-BDD1-CBF2752685C9} = {F9714AA4-0579-4B4E-94BD-7C79A50AC21B}
		{455634BD-022E-443D-BBC3-0744CBB5067F} = {A5B7E79E-B725-47D4-8303-49937A05202F}
		{86725E3D-95FB-4C73-A290-0DDE77EF2217} = {A5B7E79E-B725-47D4-8303-49937A05202F}
		{71196238-39D4-47ED-A684-46AD609DF18D} = {A5B7E79E-B725-47D4-8303-49937A05202F}
		{9396AAB4-72C6-492B-8172-B6064C340563} = {E6F4E944-180E-4B36-BD35-B43C1541A8AE}
		{252C0612-D7BF-404B-85DE-103326F5A954} = {9396AAB4-72C6-492B-8172-B6064C340563}
		{F1142E6C-353D-4DBD-9793-96B7D03510FE} = {E6F4E944-180E-4B36-BD35-B43C1541A8AE}
		{D716B65A-81F6-4D33-86B8-D116DF28C861} = {F1142E6C-353D-4DBD-9793-96B7D03510FE}
		{A40B07FC-DDA1-4422-AA7D-6BD25751CC73} = {455634BD-022E-443D-BBC3-0744CBB5067F}
		{036B8715-B570-4A36-A4E3-689C723712CC} = {86725E3D-95FB-4C73-A290-0DDE77EF2217}
		{BEC69DF1-C1D8-43A1-8EFC-758DDB12CFAC} = {71196238-39D4-47ED-A684-46AD609DF18D}
		{D5E3BC96-2265-4DC8-BEDD-995D2C92ACC8} = {F25E8AE7-5649-42C8-8793-2FE0C5A9D44E}
		{B264309E-4F54-49ED-80B7-337B5B890AE4} = {D5E3BC96-2265-4DC8-BEDD-995D2C92ACC8}
		{316112BF-C8EE-454A-9BB4-F88E2453322F} = {B264309E-4F54-49ED-80B7-337B5B890AE4}
	EndGlobalSection
	GlobalSection(ExtensibilityGlobals) = postSolution
		SolutionGuid = {1BC67C9B-D116-4BDE-821C-668698E0C58A}
	EndGlobalSection
EndGlobal
